{
  "nodes": {
    "nixpkgs": {
      "locked": {
        "lastModified": 1738021509,
        "narHash": "sha256-JNUiceGsr7cVBUQxLBF1ILCe99E0qLxsVuet6GsZUuw=",
        "owner": "NixOS",
        "repo": "nixpkgs",
        "rev": "9db269672dbdbb519e0bd3ea24f01506c135e46f",
        "type": "github"
      },
      "original": {
        "owner": "NixOS",
        "ref": "nixos-unstable",
        "repo": "nixpkgs",
        "type": "github"
      }
    },
    "root": {
      "inputs": {
        "nixpkgs": "nixpkgs"
      }
    }
  },
  "root": "root",
  "version": 7
}
